
Microsoft Visual Studio Solution File, Format Version 12.00
Project("{FAE04EC0-301F-11D3-BF4B-00C04F79EFBC}") = "BeatBuddySongMatcher", "BeatBuddySongMatcher\BeatBuddySongMatcher.csproj", "{717D2534-6137-4138-8F84-5A59160EEFC4}"
EndProject
Global
	GlobalSection(SolutionConfigurationPlatforms) = preSolution
		Debug|Any CPU = Debug|Any CPU
		Release|Any CPU = Release|Any CPU
	EndGlobalSection
	GlobalSection(ProjectConfigurationPlatforms) = postSolution
		{717D2534-6137-4138-8F84-5A59160EEFC4}.Debug|Any CPU.ActiveCfg = Debug|Any CPU
		{717D2534-6137-4138-8F84-5A59160EEFC4}.Debug|Any CPU.Build.0 = Debug|Any CPU
		{717D2534-6137-4138-8F84-5A59160EEFC4}.Release|Any CPU.ActiveCfg = Release|Any CPU
		{717D2534-6137-4138-8F84-5A59160EEFC4}.Release|Any CPU.Build.0 = Release|Any CPU
	EndGlobalSection
EndGlobal
